{
  "name": "journey",
  "version": "0.1.0",
  "lockfileVersion": 3,
  "requires": true,
  "packages": {
    "": {
      "name": "journey",
      "version": "0.1.0",
      "license": "MIT",
      "devDependencies": {
        "@brisberg/spindle": "^0.5.1",
        "@types/twine-sugarcube": "^2.33.1"
      }
    },
    "node_modules/@brisberg/spindle": {
      "version": "0.5.1",
      "resolved": "https://registry.npmjs.org/@brisberg/spindle/-/spindle-0.5.1.tgz",
      "integrity": "sha512-ZhfiKK3uBKhJXx5JkwWPBgCY0fe2SsZIcKTbcC4TTUwNlqj1MB8MTLEnN0pxtuFvms5r7Dff0SkOLLggvzOyTA==",
      "dev": true,
      "license": "MIT",
      "bin": {
        "spindle": "dist/cli.js"
      },
      "engines": {
        "node": ">=22.17"
      }
    },
    "node_modules/@types/jquery": {
      "version": "4.0.1",
      "dev": true,
      "license": "MIT"
    },
    "node_modules/@types/twine-sugarcube": {
      "version": "2.37.2",
      "dev": true,
      "license": "MIT",
      "dependencies": {
        "@types/jquery": "*"
      }
    }
  }
}
