{
  "name": "journey",
  "version": "0.1.0",
  "lockfileVersion": 3,
  "requires": true,
  "packages": {
    "": {
      "name": "journey",
      "version": "0.1.0",
      "license": "MIT",
      "devDependencies": {
        "@brisberg/spindle": "^0.5.2",
        "@types/twine-sugarcube": "^2.37.2"
      }
    },
    "node_modules/@brisberg/spindle": {
      "version": "0.5.2",
      "resolved": "https://registry.npmjs.org/@brisberg/spindle/-/spindle-0.5.2.tgz",
      "integrity": "sha512-K8PSl/yk+AyDjkr+Jp563D+3iI8Vbe/Hmr3jL26RgxPjFaOPIKrK5J24/u/aSdcqffitN0KYIq3en+zWJuJDpA==",
      "dev": true,
      "license": "MIT",
      "bin": {
        "spindle": "dist/cli.js"
      },
      "engines": {
        "node": ">=22.17"
      }
    },
    "node_modules/@types/jquery": {
      "version": "4.0.1",
      "dev": true,
      "license": "MIT"
    },
    "node_modules/@types/twine-sugarcube": {
      "version": "2.37.2",
      "resolved": "https://registry.npmjs.org/@types/twine-sugarcube/-/twine-sugarcube-2.37.2.tgz",
      "integrity": "sha512-ta3swJxlp3YUxo9hElYhar+MC5mG+TirKhmBr8+67nU5DfgqJK7SrIF05W54yaIRei9KNZDwAvgg/mu8PyTa4Q==",
      "dev": true,
      "license": "MIT",
      "dependencies": {
        "@types/jquery": "*"
      }
    }
  }
}
