# THIS IS AN AUTOGENERATED FILE. DO NOT EDIT THIS FILE DIRECTLY.
# yarn lockfile v1


"@brisberg/spindle@^0.5.0":
  version "0.5.0"
  resolved "https://registry.yarnpkg.com/@brisberg/spindle/-/spindle-0.5.0.tgz#9c348e0ca58536dc2a1d4513a7a6389bb1df92bc"
  integrity sha512-Tznx5TxvEsBOpYyzGSz4PFBZjq1LhX80bf4dxYwr5dSndZMy/RBxtne0Tpb+61kNIsrkqX3KixJKtwUjni36Jw==

"@types/jquery@*":
  version "4.0.1"
  resolved "https://registry.yarnpkg.com/@types/jquery/-/jquery-4.0.1.tgz#7c08ca6492876b70e11e4724af35b347069038cd"
  integrity sha512-9a59A/tycXgYuPABcp6/3spSShn0NT2UOM4EfHvMumjYi4lJWTsK5SZWjhx3yRm9IHGCeWXdV2YfNsrWrft/CA==

"@types/twine-sugarcube@^2.33.1":
  version "2.37.2"
  resolved "https://registry.yarnpkg.com/@types/twine-sugarcube/-/twine-sugarcube-2.37.2.tgz#08d654b1c143d33aab2257e933621210a045f02a"
  integrity sha512-ta3swJxlp3YUxo9hElYhar+MC5mG+TirKhmBr8+67nU5DfgqJK7SrIF05W54yaIRei9KNZDwAvgg/mu8PyTa4Q==
  dependencies:
    "@types/jquery" "*"
